
Microsoft Visual Studio Solution File, Format Version 12.00
# Visual Studio Version 17
VisualStudioVersion = 17.4.33213.308
MinimumVisualStudioVersion = 10.0.40219.1
Project("{FAE04EC0-301F-11D3-BF4B-00C04F79EFBC}") = "PetShop-Management-System", "PetShop-Management-System.csproj", "{E76F8668-360F-45F6-B3A4-14D6A547EF51}"
EndProject
<<<<<<< HEAD
Project("{FAE04EC0-301F-11D3-BF4B-00C04F79EFBC}") = "BP-ERP-Final-Project", "C:\Users\Nuthara Yuthmini\Downloads\BP-ERP-Final-Project\BP-ERP-Final-Project\BP-ERP-Final-Project.csproj", "{94EFEC70-21C0-4790-93F1-D59D7D4EA421}"
=======
<<<<<<< HEAD
Project("{FAE04EC0-301F-11D3-BF4B-00C04F79EFBC}") = "BP-ERP-Final-Project", "C:\Users\AMANTER\Downloads\BP-ERP-Final-Project\BP-ERP-Final-Project\BP-ERP-Final-Project.csproj", "{94EFEC70-21C0-4790-93F1-D59D7D4EA421}"
=======
<<<<<<< HEAD
Project("{FAE04EC0-301F-11D3-BF4B-00C04F79EFBC}") = "BP-ERP-Final-Project", "..\..\BP-ERP-Final-Project\BP-ERP-Final-Project.csproj", "{94EFEC70-21C0-4790-93F1-D59D7D4EA421}"
=======
Project("{FAE04EC0-301F-11D3-BF4B-00C04F79EFBC}") = "BP-ERP-Final-Project", "..\..\..\NSBM Lecture Contents\2nd year\2nd sem\BP ERP\Project\BP-ERP-Final-Project\BP-ERP-Final-Project.csproj", "{94EFEC70-21C0-4790-93F1-D59D7D4EA421}"
>>>>>>> f6c92e4c415138c763f68124f120901f32b61c2f
>>>>>>> 5bf30c61a9e92b9621edfe3662c3a1a109c9a17f
>>>>>>> 30cc965b0bdddc61f72b3e74e08681358e321ea5
EndProject
Global
	GlobalSection(SolutionConfigurationPlatforms) = preSolution
		Debug|Any CPU = Debug|Any CPU
		Release|Any CPU = Release|Any CPU
	EndGlobalSection
	GlobalSection(ProjectConfigurationPlatforms) = postSolution
		{E76F8668-360F-45F6-B3A4-14D6A547EF51}.Debug|Any CPU.ActiveCfg = Debug|Any CPU
		{E76F8668-360F-45F6-B3A4-14D6A547EF51}.Debug|Any CPU.Build.0 = Debug|Any CPU
		{E76F8668-360F-45F6-B3A4-14D6A547EF51}.Release|Any CPU.ActiveCfg = Release|Any CPU
		{E76F8668-360F-45F6-B3A4-14D6A547EF51}.Release|Any CPU.Build.0 = Release|Any CPU
		{94EFEC70-21C0-4790-93F1-D59D7D4EA421}.Debug|Any CPU.ActiveCfg = Debug|Any CPU
		{94EFEC70-21C0-4790-93F1-D59D7D4EA421}.Debug|Any CPU.Build.0 = Debug|Any CPU
		{94EFEC70-21C0-4790-93F1-D59D7D4EA421}.Release|Any CPU.ActiveCfg = Release|Any CPU
		{94EFEC70-21C0-4790-93F1-D59D7D4EA421}.Release|Any CPU.Build.0 = Release|Any CPU
	EndGlobalSection
	GlobalSection(SolutionProperties) = preSolution
		HideSolutionNode = FALSE
	EndGlobalSection
	GlobalSection(ExtensibilityGlobals) = postSolution
		SolutionGuid = {2C5A0149-F289-451D-A85A-E9C716B87587}
	EndGlobalSection
EndGlobal
